github.com/mattn/go-sqlite3 v1.11.0 h1:LDdKkqtYlom37fkvqs8rMPFKAMe8+SgjbwZ6ex1/A/Q=
github.com/mattn/go-sqlite3 v1.11.0/go.mod h1:FPy6KqzDD04eiIsT53CuJW3U88zkxoIYsOqkbpncsNc=
golang.org/dl v0.0.0-20200212233958-09d79dcf4807 h1:P3ZXCWM1Xdo1ZUpMAM/KocwYgn5r/cKxffvaoYUlfYE=
golang.org/dl v0.0.0-20200212233958-09d79dcf4807/go.mod h1:IUMfjQLJQd4UTqG1Z90tenwKoCX93Gn3MAQJMOSBsDQ=
